
Microsoft Visual Studio Solution File, Format Version 12.00
# Visual Studio Version 17
VisualStudioVersion = 17.0.32014.148
MinimumVisualStudioVersion = 10.0.40219.1
Project("{FAE04EC0-301F-11D3-BF4B-00C04F79EFBC}") = "simplicityApp1", "simplicityApp1\simplicityApp1.csproj", "{84DCC059-AD68-4284-B192-94C4F051BB62}"
EndProject
Global
	GlobalSection(SolutionConfigurationPlatforms) = preSolution
		Debug|Any CPU = Debug|Any CPU
		Release|Any CPU = Release|Any CPU
	EndGlobalSection
	GlobalSection(ProjectConfigurationPlatforms) = postSolution
		{84DCC059-AD68-4284-B192-94C4F051BB62}.Debug|Any CPU.ActiveCfg = Debug|Any CPU
		{84DCC059-AD68-4284-B192-94C4F051BB62}.Debug|Any CPU.Build.0 = Debug|Any CPU
		{84DCC059-AD68-4284-B192-94C4F051BB62}.Release|Any CPU.ActiveCfg = Release|Any CPU
		{84DCC059-AD68-4284-B192-94C4F051BB62}.Release|Any CPU.Build.0 = Release|Any CPU
	EndGlobalSection
	GlobalSection(SolutionProperties) = preSolution
		HideSolutionNode = FALSE
	EndGlobalSection
	GlobalSection(ExtensibilityGlobals) = postSolution
		SolutionGuid = {1991CEB8-2C73-49CD-B00F-60122C3EFFFC}
	EndGlobalSection
EndGlobal
